// !$*UTF8*$!
{
	archiveVersion = 1;
	classes = {
	};
	objectVersion = 51;
	objects = {

/* Begin PBXBuildFile section */
		8E167DAB25D75F5500C67992 /* GoogleService-Info.plist in Resources */ = {isa = PBXBuildFile; fileRef = 8E167DAA25D75F5500C67992 /* GoogleService-Info.plist */; };
		8E4E5C3925D751AD00A22B80 /* AppDelegate.swift in Sources */ = {isa = PBXBuildFile; fileRef = 8E4E5C3825D751AD00A22B80 /* AppDelegate.swift */; };
		8E4E5C3B25D751AD00A22B80 /* SceneDelegate.swift in Sources */ = {isa = PBXBuildFile; fileRef = 8E4E5C3A25D751AD00A22B80 /* SceneDelegate.swift */; };
		8E4E5C3D25D751AD00A22B80 /* HomeViewController.swift in Sources */ = {isa = PBXBuildFile; fileRef = 8E4E5C3C25D751AD00A22B80 /* HomeViewController.swift */; };
		8E4E5C4225D751AE00A22B80 /* Assets.xcassets in Resources */ = {isa = PBXBuildFile; fileRef = 8E4E5C4125D751AE00A22B80 /* Assets.xcassets */; };
		8E4E5C4525D751AE00A22B80 /* LaunchScreen.storyboard in Resources */ = {isa = PBXBuildFile; fileRef = 8E4E5C4325D751AE00A22B80 /* LaunchScreen.storyboard */; };
		8E4E5C5B25D7574500A22B80 /* ExploreViewController.swift in Sources */ = {isa = PBXBuildFile; fileRef = 8E4E5C5A25D7574500A22B80 /* ExploreViewController.swift */; };
		8E4E5C5E25D7575200A22B80 /* CameraViewController.swift in Sources */ = {isa = PBXBuildFile; fileRef = 8E4E5C5D25D7575200A22B80 /* CameraViewController.swift */; };
		8E4E5C6125D7575C00A22B80 /* NotificationsViewController.swift in Sources */ = {isa = PBXBuildFile; fileRef = 8E4E5C6025D7575C00A22B80 /* NotificationsViewController.swift */; };
		8E4E5C6425D7576A00A22B80 /* ProfileViewController.swift in Sources */ = {isa = PBXBuildFile; fileRef = 8E4E5C6325D7576A00A22B80 /* ProfileViewController.swift */; };
		8E4E5C6725D7578100A22B80 /* UserListViewController.swift in Sources */ = {isa = PBXBuildFile; fileRef = 8E4E5C6625D7578100A22B80 /* UserListViewController.swift */; };
		8E4E5C6A25D7578D00A22B80 /* SignInViewController.swift in Sources */ = {isa = PBXBuildFile; fileRef = 8E4E5C6925D7578D00A22B80 /* SignInViewController.swift */; };
		8E4E5C6D25D7579400A22B80 /* SignUpViewController.swift in Sources */ = {isa = PBXBuildFile; fileRef = 8E4E5C6C25D7579400A22B80 /* SignUpViewController.swift */; };
		8E4E5C7025D7579E00A22B80 /* SettingsViewController.swift in Sources */ = {isa = PBXBuildFile; fileRef = 8E4E5C6F25D7579E00A22B80 /* SettingsViewController.swift */; };
		8E4E5C7325D757B800A22B80 /* TabBarViewController.swift in Sources */ = {isa = PBXBuildFile; fileRef = 8E4E5C7225D757B800A22B80 /* TabBarViewController.swift */; };
		8E4E5C7825D7580000A22B80 /* PostViewController.swift in Sources */ = {isa = PBXBuildFile; fileRef = 8E4E5C7725D7580000A22B80 /* PostViewController.swift */; };
		8E4E5C7C25D7581A00A22B80 /* APICaller.swift in Sources */ = {isa = PBXBuildFile; fileRef = 8E4E5C7B25D7581A00A22B80 /* APICaller.swift */; };
		8E4E5C7F25D7582900A22B80 /* StorageManager.swift in Sources */ = {isa = PBXBuildFile; fileRef = 8E4E5C7E25D7582900A22B80 /* StorageManager.swift */; };
		8E4E5C8225D7583B00A22B80 /* DatabaseManager.swift in Sources */ = {isa = PBXBuildFile; fileRef = 8E4E5C8125D7583B00A22B80 /* DatabaseManager.swift */; };
		8E4E5C8525D7584E00A22B80 /* AuthenticationManager.swift in Sources */ = {isa = PBXBuildFile; fileRef = 8E4E5C8425D7584E00A22B80 /* AuthenticationManager.swift */; };
		8E4E5C8825D7586100A22B80 /* HapticsManager.swift in Sources */ = {isa = PBXBuildFile; fileRef = 8E4E5C8725D7586100A22B80 /* HapticsManager.swift */; };
		9E97344F8679D30118437D51 /* Pods_TikTok.framework in Frameworks */ = {isa = PBXBuildFile; fileRef = 33B6C861C912F25C642E782E /* Pods_TikTok.framework */; };
/* End PBXBuildFile section */

/* Begin PBXFileReference section */
		138CE5E154E049574D04915A /* Pods-TikTok.release.xcconfig */ = {isa = PBXFileReference; includeInIndex = 1; lastKnownFileType = text.xcconfig; name = "Pods-TikTok.release.xcconfig"; path = "Target Support Files/Pods-TikTok/Pods-TikTok.release.xcconfig"; sourceTree = "<group>"; };
		33B6C861C912F25C642E782E /* Pods_TikTok.framework */ = {isa = PBXFileReference; explicitFileType = wrapper.framework; includeInIndex = 0; path = Pods_TikTok.framework; sourceTree = BUILT_PRODUCTS_DIR; };
		8E167DAA25D75F5500C67992 /* GoogleService-Info.plist */ = {isa = PBXFileReference; fileEncoding = 4; lastKnownFileType = text.plist.xml; path = "GoogleService-Info.plist"; sourceTree = "<group>"; };
		8E4E5C3525D751AD00A22B80 /* TikTok.app */ = {isa = PBXFileReference; explicitFileType = wrapper.application; includeInIndex = 0; path = TikTok.app; sourceTree = BUILT_PRODUCTS_DIR; };
		8E4E5C3825D751AD00A22B80 /* AppDelegate.swift */ = {isa = PBXFileReference; lastKnownFileType = sourcecode.swift; path = AppDelegate.swift; sourceTree = "<group>"; };
		8E4E5C3A25D751AD00A22B80 /* SceneDelegate.swift */ = {isa = PBXFileReference; lastKnownFileType = sourcecode.swift; path = SceneDelegate.swift; sourceTree = "<group>"; };
		8E4E5C3C25D751AD00A22B80 /* HomeViewController.swift */ = {isa = PBXFileReference; lastKnownFileType = sourcecode.swift; path = HomeViewController.swift; sourceTree = "<group>"; };
		8E4E5C4125D751AE00A22B80 /* Assets.xcassets */ = {isa = PBXFileReference; lastKnownFileType = folder.assetcatalog; path = Assets.xcassets; sourceTree = "<group>"; };
		8E4E5C4425D751AE00A22B80 /* Base */ = {isa = PBXFileReference; lastKnownFileType = file.storyboard; name = Base; path = Base.lproj/LaunchScreen.storyboard; sourceTree = "<group>"; };
		8E4E5C4625D751AE00A22B80 /* Info.plist */ = {isa = PBXFileReference; lastKnownFileType = text.plist.xml; path = Info.plist; sourceTree = "<group>"; };
		8E4E5C5A25D7574500A22B80 /* ExploreViewController.swift */ = {isa = PBXFileReference; lastKnownFileType = sourcecode.swift; path = ExploreViewController.swift; sourceTree = "<group>"; };
		8E4E5C5D25D7575200A22B80 /* CameraViewController.swift */ = {isa = PBXFileReference; lastKnownFileType = sourcecode.swift; path = CameraViewController.swift; sourceTree = "<group>"; };
		8E4E5C6025D7575C00A22B80 /* NotificationsViewController.swift */ = {isa = PBXFileReference; lastKnownFileType = sourcecode.swift; path = NotificationsViewController.swift; sourceTree = "<group>"; };
		8E4E5C6325D7576A00A22B80 /* ProfileViewController.swift */ = {isa = PBXFileReference; lastKnownFileType = sourcecode.swift; path = ProfileViewController.swift; sourceTree = "<group>"; };
		8E4E5C6625D7578100A22B80 /* UserListViewController.swift */ = {isa = PBXFileReference; lastKnownFileType = sourcecode.swift; path = UserListViewController.swift; sourceTree = "<group>"; };
		8E4E5C6925D7578D00A22B80 /* SignInViewController.swift */ = {isa = PBXFileReference; lastKnownFileType = sourcecode.swift; path = SignInViewController.swift; sourceTree = "<group>"; };
		8E4E5C6C25D7579400A22B80 /* SignUpViewController.swift */ = {isa = PBXFileReference; lastKnownFileType = sourcecode.swift; path = SignUpViewController.swift; sourceTree = "<group>"; };
		8E4E5C6F25D7579E00A22B80 /* SettingsViewController.swift */ = {isa = PBXFileReference; lastKnownFileType = sourcecode.swift; path = SettingsViewController.swift; sourceTree = "<group>"; };
		8E4E5C7225D757B800A22B80 /* TabBarViewController.swift */ = {isa = PBXFileReference; lastKnownFileType = sourcecode.swift; path = TabBarViewController.swift; sourceTree = "<group>"; };
		8E4E5C7725D7580000A22B80 /* PostViewController.swift */ = {isa = PBXFileReference; lastKnownFileType = sourcecode.swift; path = PostViewController.swift; sourceTree = "<group>"; };
		8E4E5C7B25D7581A00A22B80 /* APICaller.swift */ = {isa = PBXFileReference; lastKnownFileType = sourcecode.swift; path = APICaller.swift; sourceTree = "<group>"; };
		8E4E5C7E25D7582900A22B80 /* StorageManager.swift */ = {isa = PBXFileReference; lastKnownFileType = sourcecode.swift; path = StorageManager.swift; sourceTree = "<group>"; };
		8E4E5C8125D7583B00A22B80 /* DatabaseManager.swift */ = {isa = PBXFileReference; lastKnownFileType = sourcecode.swift; path = DatabaseManager.swift; sourceTree = "<group>"; };
		8E4E5C8425D7584E00A22B80 /* AuthenticationManager.swift */ = {isa = PBXFileReference; lastKnownFileType = sourcecode.swift; path = AuthenticationManager.swift; sourceTree = "<group>"; };
		8E4E5C8725D7586100A22B80 /* HapticsManager.swift */ = {isa = PBXFileReference; lastKnownFileType = sourcecode.swift; path = HapticsManager.swift; sourceTree = "<group>"; };
		B289C0676ECF5E9B3A0B08F7 /* Pods-TikTok.debug.xcconfig */ = {isa = PBXFileReference; includeInIndex = 1; lastKnownFileType = text.xcconfig; name = "Pods-TikTok.debug.xcconfig"; path = "Target Support Files/Pods-TikTok/Pods-TikTok.debug.xcconfig"; sourceTree = "<group>"; };
/* End PBXFileReference section */

/* Begin PBXFrameworksBuildPhase section */
		8E4E5C3225D751AD00A22B80 /* Frameworks */ = {
			isa = PBXFrameworksBuildPhase;
			buildActionMask = 2147483647;
			files = (
				9E97344F8679D30118437D51 /* Pods_TikTok.framework in Frameworks */,
			);
			runOnlyForDeploymentPostprocessing = 0;
		};
/* End PBXFrameworksBuildPhase section */

/* Begin PBXGroup section */
		6944DF258CBB429BFB32C357 /* Pods */ = {
			isa = PBXGroup;
			children = (
				B289C0676ECF5E9B3A0B08F7 /* Pods-TikTok.debug.xcconfig */,
				138CE5E154E049574D04915A /* Pods-TikTok.release.xcconfig */,
			);
			path = Pods;
			sourceTree = "<group>";
		};
		8E4E5C2C25D751AD00A22B80 = {
			isa = PBXGroup;
			children = (
				8E4E5C3725D751AD00A22B80 /* TikTok */,
				8E4E5C3625D751AD00A22B80 /* Products */,
				6944DF258CBB429BFB32C357 /* Pods */,
				D619B399AB8CE5A0294F8022 /* Frameworks */,
			);
			sourceTree = "<group>";
		};
		8E4E5C3625D751AD00A22B80 /* Products */ = {
			isa = PBXGroup;
			children = (
				8E4E5C3525D751AD00A22B80 /* TikTok.app */,
			);
			name = Products;
			sourceTree = "<group>";
		};
		8E4E5C3725D751AD00A22B80 /* TikTok */ = {
			isa = PBXGroup;
			children = (
				8E4E5C5625D756C100A22B80 /* Managers */,
				8E4E5C5525D756B700A22B80 /* ViewModels */,
				8E4E5C5425D756B000A22B80 /* Models */,
				8E4E5C5325D756A200A22B80 /* Views */,
				8E4E5C5225D7569400A22B80 /* Controllers */,
				8E4E5C5125D7568800A22B80 /* Resources */,
				8E4E5C4625D751AE00A22B80 /* Info.plist */,
				8E167DAA25D75F5500C67992 /* GoogleService-Info.plist */,
			);
			path = TikTok;
			sourceTree = "<group>";
		};
		8E4E5C5125D7568800A22B80 /* Resources */ = {
			isa = PBXGroup;
			children = (
				8E4E5C4125D751AE00A22B80 /* Assets.xcassets */,
				8E4E5C3825D751AD00A22B80 /* AppDelegate.swift */,
				8E4E5C3A25D751AD00A22B80 /* SceneDelegate.swift */,
			);
			path = Resources;
			sourceTree = "<group>";
		};
		8E4E5C5225D7569400A22B80 /* Controllers */ = {
			isa = PBXGroup;
			children = (
				8E4E5C5925D7572C00A22B80 /* Other */,
				8E4E5C5825D7571D00A22B80 /* Core */,
			);
			path = Controllers;
			sourceTree = "<group>";
		};
		8E4E5C5325D756A200A22B80 /* Views */ = {
			isa = PBXGroup;
			children = (
				8E4E5C7625D757E900A22B80 /* Other */,
				8E4E5C7525D757DE00A22B80 /* Storyboard */,
			);
			path = Views;
			sourceTree = "<group>";
		};
		8E4E5C5425D756B000A22B80 /* Models */ = {
			isa = PBXGroup;
			children = (
			);
			path = Models;
			sourceTree = "<group>";
		};
		8E4E5C5525D756B700A22B80 /* ViewModels */ = {
			isa = PBXGroup;
			children = (
			);
			path = ViewModels;
			sourceTree = "<group>";
		};
		8E4E5C5625D756C100A22B80 /* Managers */ = {
			isa = PBXGroup;
			children = (
				8E4E5C7B25D7581A00A22B80 /* APICaller.swift */,
				8E4E5C7E25D7582900A22B80 /* StorageManager.swift */,
				8E4E5C8125D7583B00A22B80 /* DatabaseManager.swift */,
				8E4E5C8425D7584E00A22B80 /* AuthenticationManager.swift */,
				8E4E5C8725D7586100A22B80 /* HapticsManager.swift */,
			);
			path = Managers;
			sourceTree = "<group>";
		};
		8E4E5C5825D7571D00A22B80 /* Core */ = {
			isa = PBXGroup;
			children = (
				8E4E5C3C25D751AD00A22B80 /* HomeViewController.swift */,
				8E4E5C5A25D7574500A22B80 /* ExploreViewController.swift */,
				8E4E5C5D25D7575200A22B80 /* CameraViewController.swift */,
				8E4E5C6025D7575C00A22B80 /* NotificationsViewController.swift */,
				8E4E5C6325D7576A00A22B80 /* ProfileViewController.swift */,
				8E4E5C7225D757B800A22B80 /* TabBarViewController.swift */,
			);
			path = Core;
			sourceTree = "<group>";
		};
		8E4E5C5925D7572C00A22B80 /* Other */ = {
			isa = PBXGroup;
			children = (
				8E4E5C6625D7578100A22B80 /* UserListViewController.swift */,
				8E4E5C6925D7578D00A22B80 /* SignInViewController.swift */,
				8E4E5C6C25D7579400A22B80 /* SignUpViewController.swift */,
				8E4E5C6F25D7579E00A22B80 /* SettingsViewController.swift */,
				8E4E5C7725D7580000A22B80 /* PostViewController.swift */,
			);
			path = Other;
			sourceTree = "<group>";
		};
		8E4E5C7525D757DE00A22B80 /* Storyboard */ = {
			isa = PBXGroup;
			children = (
				8E4E5C4325D751AE00A22B80 /* LaunchScreen.storyboard */,
			);
			path = Storyboard;
			sourceTree = "<group>";
		};
		8E4E5C7625D757E900A22B80 /* Other */ = {
			isa = PBXGroup;
			children = (
			);
			path = Other;
			sourceTree = "<group>";
		};
		D619B399AB8CE5A0294F8022 /* Frameworks */ = {
			isa = PBXGroup;
			children = (
				33B6C861C912F25C642E782E /* Pods_TikTok.framework */,
			);
			name = Frameworks;
			sourceTree = "<group>";
		};
/* End PBXGroup section */

/* Begin PBXNativeTarget section */
		8E4E5C3425D751AD00A22B80 /* TikTok */ = {
			isa = PBXNativeTarget;
			buildConfigurationList = 8E4E5C4925D751AE00A22B80 /* Build configuration list for PBXNativeTarget "TikTok" */;
			buildPhases = (
				4248B15D94D89C13AD813FA8 /* [CP] Check Pods Manifest.lock */,
				8E4E5C3125D751AD00A22B80 /* Sources */,
				8E4E5C3225D751AD00A22B80 /* Frameworks */,
				8E4E5C3325D751AD00A22B80 /* Resources */,
				09CEFD1BC5B0747BC2CACF64 /* [CP] Embed Pods Frameworks */,
				8E167DAD25D76A9600C67992 /* ShellScript */,
			);
			buildRules = (
			);
			dependencies = (
			);
			name = TikTok;
			productName = TikTok;
			productReference = 8E4E5C3525D751AD00A22B80 /* TikTok.app */;
			productType = "com.apple.product-type.application";
		};
/* End PBXNativeTarget section */

/* Begin PBXProject section */
		8E4E5C2D25D751AD00A22B80 /* Project object */ = {
			isa = PBXProject;
			attributes = {
				LastSwiftUpdateCheck = 1240;
				LastUpgradeCheck = 1240;
				TargetAttributes = {
					8E4E5C3425D751AD00A22B80 = {
						CreatedOnToolsVersion = 12.4;
					};
				};
			};
			buildConfigurationList = 8E4E5C3025D751AD00A22B80 /* Build configuration list for PBXProject "TikTok" */;
			compatibilityVersion = "Xcode 9.3";
			developmentRegion = en;
			hasScannedForEncodings = 0;
			knownRegions = (
				en,
				Base,
			);
			mainGroup = 8E4E5C2C25D751AD00A22B80;
			productRefGroup = 8E4E5C3625D751AD00A22B80 /* Products */;
			projectDirPath = "";
			projectRoot = "";
			targets = (
				8E4E5C3425D751AD00A22B80 /* TikTok */,
			);
		};
/* End PBXProject section */

/* Begin PBXResourcesBuildPhase section */
		8E4E5C3325D751AD00A22B80 /* Resources */ = {
			isa = PBXResourcesBuildPhase;
			buildActionMask = 2147483647;
			files = (
				8E4E5C4525D751AE00A22B80 /* LaunchScreen.storyboard in Resources */,
				8E4E5C4225D751AE00A22B80 /* Assets.xcassets in Resources */,
				8E167DAB25D75F5500C67992 /* GoogleService-Info.plist in Resources */,
			);
			runOnlyForDeploymentPostprocessing = 0;
		};
/* End PBXResourcesBuildPhase section */

/* Begin PBXShellScriptBuildPhase section */
		09CEFD1BC5B0747BC2CACF64 /* [CP] Embed Pods Frameworks */ = {
			isa = PBXShellScriptBuildPhase;
			buildActionMask = 2147483647;
			files = (
			);
			inputFileListPaths = (
				"${PODS_ROOT}/Target Support Files/Pods-TikTok/Pods-TikTok-frameworks-${CONFIGURATION}-input-files.xcfilelist",
			);
			name = "[CP] Embed Pods Frameworks";
			outputFileListPaths = (
				"${PODS_ROOT}/Target Support Files/Pods-TikTok/Pods-TikTok-frameworks-${CONFIGURATION}-output-files.xcfilelist",
			);
			runOnlyForDeploymentPostprocessing = 0;
			shellPath = /bin/sh;
			shellScript = "\"${PODS_ROOT}/Target Support Files/Pods-TikTok/Pods-TikTok-frameworks.sh\"\n";
			showEnvVarsInLog = 0;
		};
		4248B15D94D89C13AD813FA8 /* [CP] Check Pods Manifest.lock */ = {
			isa = PBXShellScriptBuildPhase;
			buildActionMask = 2147483647;
			files = (
			);
			inputFileListPaths = (
			);
			inputPaths = (
				"${PODS_PODFILE_DIR_PATH}/Podfile.lock",
				"${PODS_ROOT}/Manifest.lock",
			);
			name = "[CP] Check Pods Manifest.lock";
			outputFileListPaths = (
			);
			outputPaths = (
				"$(DERIVED_FILE_DIR)/Pods-TikTok-checkManifestLockResult.txt",
			);
			runOnlyForDeploymentPostprocessing = 0;
			shellPath = /bin/sh;
			shellScript = "diff \"${PODS_PODFILE_DIR_PATH}/Podfile.lock\" \"${PODS_ROOT}/Manifest.lock\" > /dev/null\nif [ $? != 0 ] ; then\n    # print error to STDERR\n    echo \"error: The sandbox is not in sync with the Podfile.lock. Run 'pod install' or update your CocoaPods installation.\" >&2\n    exit 1\nfi\n# This output is used by Xcode 'outputs' to avoid re-running this script phase.\necho \"SUCCESS\" > \"${SCRIPT_OUTPUT_FILE_0}\"\n";
			showEnvVarsInLog = 0;
		};
		8E167DAD25D76A9600C67992 /* ShellScript */ = {
			isa = PBXShellScriptBuildPhase;
			buildActionMask = 2147483647;
			files = (
			);
			inputFileListPaths = (
			);
			inputPaths = (
			);
			outputFileListPaths = (
			);
			outputPaths = (
			);
			runOnlyForDeploymentPostprocessing = 0;
			shellPath = /bin/sh;
			shellScript = "\"${PODS_ROOT}/FirebaseCrashlytics/run\"\n";
		};
/* End PBXShellScriptBuildPhase section */

/* Begin PBXSourcesBuildPhase section */
		8E4E5C3125D751AD00A22B80 /* Sources */ = {
			isa = PBXSourcesBuildPhase;
			buildActionMask = 2147483647;
			files = (
				8E4E5C8825D7586100A22B80 /* HapticsManager.swift in Sources */,
				8E4E5C8225D7583B00A22B80 /* DatabaseManager.swift in Sources */,
				8E4E5C5B25D7574500A22B80 /* ExploreViewController.swift in Sources */,
				8E4E5C6725D7578100A22B80 /* UserListViewController.swift in Sources */,
				8E4E5C7025D7579E00A22B80 /* SettingsViewController.swift in Sources */,
				8E4E5C7C25D7581A00A22B80 /* APICaller.swift in Sources */,
				8E4E5C7825D7580000A22B80 /* PostViewController.swift in Sources */,
				8E4E5C5E25D7575200A22B80 /* CameraViewController.swift in Sources */,
				8E4E5C7325D757B800A22B80 /* TabBarViewController.swift in Sources */,
				8E4E5C3D25D751AD00A22B80 /* HomeViewController.swift in Sources */,
				8E4E5C6D25D7579400A22B80 /* SignUpViewController.swift in Sources */,
				8E4E5C8525D7584E00A22B80 /* AuthenticationManager.swift in Sources */,
				8E4E5C6125D7575C00A22B80 /* NotificationsViewController.swift in Sources */,
				8E4E5C6A25D7578D00A22B80 /* SignInViewController.swift in Sources */,
				8E4E5C6425D7576A00A22B80 /* ProfileViewController.swift in Sources */,
				8E4E5C7F25D7582900A22B80 /* StorageManager.swift in Sources */,
				8E4E5C3925D751AD00A22B80 /* AppDelegate.swift in Sources */,
				8E4E5C3B25D751AD00A22B80 /* SceneDelegate.swift in Sources */,
			);
			runOnlyForDeploymentPostprocessing = 0;
		};
/* End PBXSourcesBuildPhase section */

/* Begin PBXVariantGroup section */
		8E4E5C4325D751AE00A22B80 /* LaunchScreen.storyboard */ = {
			isa = PBXVariantGroup;
			children = (
				8E4E5C4425D751AE00A22B80 /* Base */,
			);
			name = LaunchScreen.storyboard;
			sourceTree = "<group>";
		};
/* End PBXVariantGroup section */

/* Begin XCBuildConfiguration section */
		8E4E5C4725D751AE00A22B80 /* Debug */ = {
			isa = XCBuildConfiguration;
			buildSettings = {
				ALWAYS_SEARCH_USER_PATHS = NO;
				CLANG_ANALYZER_NONNULL = YES;
				CLANG_ANALYZER_NUMBER_OBJECT_CONVERSION = YES_AGGRESSIVE;
				CLANG_CXX_LANGUAGE_STANDARD = "gnu++14";
				CLANG_CXX_LIBRARY = "libc++";
				CLANG_ENABLE_MODULES = YES;
				CLANG_ENABLE_OBJC_ARC = YES;
				CLANG_ENABLE_OBJC_WEAK = YES;
				CLANG_WARN_BLOCK_CAPTURE_AUTORELEASING = YES;
				CLANG_WARN_BOOL_CONVERSION = YES;
				CLANG_WARN_COMMA = YES;
				CLANG_WARN_CONSTANT_CONVERSION = YES;
				CLANG_WARN_DEPRECATED_OBJC_IMPLEMENTATIONS = YES;
				CLANG_WARN_DIRECT_OBJC_ISA_USAGE = YES_ERROR;
				CLANG_WARN_DOCUMENTATION_COMMENTS = YES;
				CLANG_WARN_EMPTY_BODY = YES;
				CLANG_WARN_ENUM_CONVERSION = YES;
				CLANG_WARN_INFINITE_RECURSION = YES;
				CLANG_WARN_INT_CONVERSION = YES;
				CLANG_WARN_NON_LITERAL_NULL_CONVERSION = YES;
				CLANG_WARN_OBJC_IMPLICIT_RETAIN_SELF = YES;
				CLANG_WARN_OBJC_LITERAL_CONVERSION = YES;
				CLANG_WARN_OBJC_ROOT_CLASS = YES_ERROR;
				CLANG_WARN_QUOTED_INCLUDE_IN_FRAMEWORK_HEADER = YES;
				CLANG_WARN_RANGE_LOOP_ANALYSIS = YES;
				CLANG_WARN_STRICT_PROTOTYPES = YES;
				CLANG_WARN_SUSPICIOUS_MOVE = YES;
				CLANG_WARN_UNGUARDED_AVAILABILITY = YES_AGGRESSIVE;
				CLANG_WARN_UNREACHABLE_CODE = YES;
				CLANG_WARN__DUPLICATE_METHOD_MATCH = YES;
				COPY_PHASE_STRIP = NO;
				DEBUG_INFORMATION_FORMAT = dwarf;
				ENABLE_STRICT_OBJC_MSGSEND = YES;
				ENABLE_TESTABILITY = YES;
				GCC_C_LANGUAGE_STANDARD = gnu11;
				GCC_DYNAMIC_NO_PIC = NO;
				GCC_NO_COMMON_BLOCKS = YES;
				GCC_OPTIMIZATION_LEVEL = 0;
				GCC_PREPROCESSOR_DEFINITIONS = (
					"DEBUG=1",
					"$(inherited)",
				);
				GCC_WARN_64_TO_32_BIT_CONVERSION = YES;
				GCC_WARN_ABOUT_RETURN_TYPE = YES_ERROR;
				GCC_WARN_UNDECLARED_SELECTOR = YES;
				GCC_WARN_UNINITIALIZED_AUTOS = YES_AGGRESSIVE;
				GCC_WARN_UNUSED_FUNCTION = YES;
				GCC_WARN_UNUSED_VARIABLE = YES;
				IPHONEOS_DEPLOYMENT_TARGET = 14.4;
				MTL_ENABLE_DEBUG_INFO = INCLUDE_SOURCE;
				MTL_FAST_MATH = YES;
				ONLY_ACTIVE_ARCH = YES;
				SDKROOT = iphoneos;
				SWIFT_ACTIVE_COMPILATION_CONDITIONS = DEBUG;
				SWIFT_OPTIMIZATION_LEVEL = "-Onone";
			};
			name = Debug;
		};
		8E4E5C4825D751AE00A22B80 /* Release */ = {
			isa = XCBuildConfiguration;
			buildSettings = {
				ALWAYS_SEARCH_USER_PATHS = NO;
				CLANG_ANALYZER_NONNULL = YES;
				CLANG_ANALYZER_NUMBER_OBJECT_CONVERSION = YES_AGGRESSIVE;
				CLANG_CXX_LANGUAGE_STANDARD = "gnu++14";
				CLANG_CXX_LIBRARY = "libc++";
				CLANG_ENABLE_MODULES = YES;
				CLANG_ENABLE_OBJC_ARC = YES;
				CLANG_ENABLE_OBJC_WEAK = YES;
				CLANG_WARN_BLOCK_CAPTURE_AUTORELEASING = YES;
				CLANG_WARN_BOOL_CONVERSION = YES;
				CLANG_WARN_COMMA = YES;
				CLANG_WARN_CONSTANT_CONVERSION = YES;
				CLANG_WARN_DEPRECATED_OBJC_IMPLEMENTATIONS = YES;
				CLANG_WARN_DIRECT_OBJC_ISA_USAGE = YES_ERROR;
				CLANG_WARN_DOCUMENTATION_COMMENTS = YES;
				CLANG_WARN_EMPTY_BODY = YES;
				CLANG_WARN_ENUM_CONVERSION = YES;
				CLANG_WARN_INFINITE_RECURSION = YES;
				CLANG_WARN_INT_CONVERSION = YES;
				CLANG_WARN_NON_LITERAL_NULL_CONVERSION = YES;
				CLANG_WARN_OBJC_IMPLICIT_RETAIN_SELF = YES;
				CLANG_WARN_OBJC_LITERAL_CONVERSION = YES;
				CLANG_WARN_OBJC_ROOT_CLASS = YES_ERROR;
				CLANG_WARN_QUOTED_INCLUDE_IN_FRAMEWORK_HEADER = YES;
				CLANG_WARN_RANGE_LOOP_ANALYSIS = YES;
				CLANG_WARN_STRICT_PROTOTYPES = YES;
				CLANG_WARN_SUSPICIOUS_MOVE = YES;
				CLANG_WARN_UNGUARDED_AVAILABILITY = YES_AGGRESSIVE;
				CLANG_WARN_UNREACHABLE_CODE = YES;
				CLANG_WARN__DUPLICATE_METHOD_MATCH = YES;
				COPY_PHASE_STRIP = NO;
				DEBUG_INFORMATION_FORMAT = "dwarf-with-dsym";
				ENABLE_NS_ASSERTIONS = NO;
				ENABLE_STRICT_OBJC_MSGSEND = YES;
				GCC_C_LANGUAGE_STANDARD = gnu11;
				GCC_NO_COMMON_BLOCKS = YES;
				GCC_WARN_64_TO_32_BIT_CONVERSION = YES;
				GCC_WARN_ABOUT_RETURN_TYPE = YES_ERROR;
				GCC_WARN_UNDECLARED_SELECTOR = YES;
				GCC_WARN_UNINITIALIZED_AUTOS = YES_AGGRESSIVE;
				GCC_WARN_UNUSED_FUNCTION = YES;
				GCC_WARN_UNUSED_VARIABLE = YES;
				IPHONEOS_DEPLOYMENT_TARGET = 14.4;
				MTL_ENABLE_DEBUG_INFO = NO;
				MTL_FAST_MATH = YES;
				SDKROOT = iphoneos;
				SWIFT_COMPILATION_MODE = wholemodule;
				SWIFT_OPTIMIZATION_LEVEL = "-O";
				VALIDATE_PRODUCT = YES;
			};
			name = Release;
		};
		8E4E5C4A25D751AE00A22B80 /* Debug */ = {
			isa = XCBuildConfiguration;
			baseConfigurationReference = B289C0676ECF5E9B3A0B08F7 /* Pods-TikTok.debug.xcconfig */;
			buildSettings = {
				ASSETCATALOG_COMPILER_APPICON_NAME = AppIcon;
				ASSETCATALOG_COMPILER_GLOBAL_ACCENT_COLOR_NAME = AccentColor;
				CODE_SIGN_STYLE = Automatic;
				INFOPLIST_FILE = TikTok/Info.plist;
				IPHONEOS_DEPLOYMENT_TARGET = 13.0;
				LD_RUNPATH_SEARCH_PATHS = (
					"$(inherited)",
					"@executable_path/Frameworks",
				);
				PRODUCT_BUNDLE_IDENTIFIER = com.flexedfitness.TikTok;
				PRODUCT_NAME = "$(TARGET_NAME)";
				SWIFT_VERSION = 5.0;
				TARGETED_DEVICE_FAMILY = 1;
			};
			name = Debug;
		};
		8E4E5C4B25D751AE00A22B80 /* Release */ = {
			isa = XCBuildConfiguration;
			baseConfigurationReference = 138CE5E154E049574D04915A /* Pods-TikTok.release.xcconfig */;
			buildSettings = {
				ASSETCATALOG_COMPILER_APPICON_NAME = AppIcon;
				ASSETCATALOG_COMPILER_GLOBAL_ACCENT_COLOR_NAME = AccentColor;
				CODE_SIGN_STYLE = Automatic;
				INFOPLIST_FILE = TikTok/Info.plist;
				IPHONEOS_DEPLOYMENT_TARGET = 13.0;
				LD_RUNPATH_SEARCH_PATHS = (
					"$(inherited)",
					"@executable_path/Frameworks",
				);
				PRODUCT_BUNDLE_IDENTIFIER = com.flexedfitness.TikTok;
				PRODUCT_NAME = "$(TARGET_NAME)";
				SWIFT_VERSION = 5.0;
				TARGETED_DEVICE_FAMILY = 1;
			};
			name = Release;
		};
/* End XCBuildConfiguration section */

/* Begin XCConfigurationList section */
		8E4E5C3025D751AD00A22B80 /* Build configuration list for PBXProject "TikTok" */ = {
			isa = XCConfigurationList;
			buildConfigurations = (
				8E4E5C4725D751AE00A22B80 /* Debug */,
				8E4E5C4825D751AE00A22B80 /* Release */,
			);
			defaultConfigurationIsVisible = 0;
			defaultConfigurationName = Release;
		};
		8E4E5C4925D751AE00A22B80 /* Build configuration list for PBXNativeTarget "TikTok" */ = {
			isa = XCConfigurationList;
			buildConfigurations = (
				8E4E5C4A25D751AE00A22B80 /* Debug */,
				8E4E5C4B25D751AE00A22B80 /* Release */,
			);
			defaultConfigurationIsVisible = 0;
			defaultConfigurationName = Release;
		};
/* End XCConfigurationList section */
	};
	rootObject = 8E4E5C2D25D751AD00A22B80 /* Project object */;
}
